
Microsoft Visual Studio Solution File, Format Version 12.00
# Visual Studio 2017
Project("{FAE04EC0-301F-11D3-BF4B-00C04F79EFBC}") = "Scripting2670", "Scripting2670.csproj", "{3DDA6B73-D903-E841-61F8-6134E801F202}"
EndProject
Project("{FAE04EC0-301F-11D3-BF4B-00C04F79EFBC}") = "Scripting2670.Editor", "Scripting2670.Editor.csproj", "{FB068EA7-F8BF-5605-9807-1332B952316D}"
EndProject
Global
	GlobalSection(SolutionConfigurationPlatforms) = preSolution
		Debug|Any CPU = Debug|Any CPU
		Release|Any CPU = Release|Any CPU
	EndGlobalSection
	GlobalSection(ProjectConfigurationPlatforms) = postSolution
		{3DDA6B73-D903-E841-61F8-6134E801F202}.Debug|Any CPU.ActiveCfg = Debug|Any CPU
		{3DDA6B73-D903-E841-61F8-6134E801F202}.Debug|Any CPU.Build.0 = Debug|Any CPU
		{3DDA6B73-D903-E841-61F8-6134E801F202}.Release|Any CPU.ActiveCfg = Release|Any CPU
		{3DDA6B73-D903-E841-61F8-6134E801F202}.Release|Any CPU.Build.0 = Release|Any CPU
		{FB068EA7-F8BF-5605-9807-1332B952316D}.Debug|Any CPU.ActiveCfg = Debug|Any CPU
		{FB068EA7-F8BF-5605-9807-1332B952316D}.Debug|Any CPU.Build.0 = Debug|Any CPU
		{FB068EA7-F8BF-5605-9807-1332B952316D}.Release|Any CPU.ActiveCfg = Release|Any CPU
		{FB068EA7-F8BF-5605-9807-1332B952316D}.Release|Any CPU.Build.0 = Release|Any CPU
	EndGlobalSection
	GlobalSection(SolutionProperties) = preSolution
		HideSolutionNode = FALSE
	EndGlobalSection
EndGlobal
